
Microsoft Visual Studio Solution File, Format Version 12.00
# Visual Studio 15
VisualStudioVersion = 15.0.28307.271
MinimumVisualStudioVersion = 10.0.40219.1
Project("{FAE04EC0-301F-11D3-BF4B-00C04F79EFBC}") = "GameOfELTE", "GameOfELTE.csproj", "{2C020BD9-805F-4F0E-A5FC-1520EEA24283}"
EndProject
Global
	GlobalSection(SolutionConfigurationPlatforms) = preSolution
		Debug|Any CPU = Debug|Any CPU
		Release|Any CPU = Release|Any CPU
	EndGlobalSection
	GlobalSection(ProjectConfigurationPlatforms) = postSolution
		{2C020BD9-805F-4F0E-A5FC-1520EEA24283}.Debug|Any CPU.ActiveCfg = Debug|Any CPU
		{2C020BD9-805F-4F0E-A5FC-1520EEA24283}.Debug|Any CPU.Build.0 = Debug|Any CPU
		{2C020BD9-805F-4F0E-A5FC-1520EEA24283}.Release|Any CPU.ActiveCfg = Release|Any CPU
		{2C020BD9-805F-4F0E-A5FC-1520EEA24283}.Release|Any CPU.Build.0 = Release|Any CPU
	EndGlobalSection
	GlobalSection(SolutionProperties) = preSolution
		HideSolutionNode = FALSE
	EndGlobalSection
	GlobalSection(ExtensibilityGlobals) = postSolution
		SolutionGuid = {D1710803-E3BA-4E6D-AFCF-02E98099802C}
	EndGlobalSection
EndGlobal
